
Microsoft Visual Studio Solution File, Format Version 12.00
# Visual Studio Version 16
VisualStudioVersion = 16.0.30114.105
MinimumVisualStudioVersion = 10.0.40219.1
Project("{FAE04EC0-301F-11D3-BF4B-00C04F79EFBC}") = "VehicleServiceManagementApp", "VehicleServiceManagementApp\VehicleServiceManagementApp.csproj", "{60FD6721-BAA8-454E-98E7-19C541851639}"
EndProject
Global
	GlobalSection(SolutionConfigurationPlatforms) = preSolution
		Debug|Any CPU = Debug|Any CPU
		Release|Any CPU = Release|Any CPU
	EndGlobalSection
	GlobalSection(ProjectConfigurationPlatforms) = postSolution
		{60FD6721-BAA8-454E-98E7-19C541851639}.Debug|Any CPU.ActiveCfg = Debug|Any CPU
		{60FD6721-BAA8-454E-98E7-19C541851639}.Debug|Any CPU.Build.0 = Debug|Any CPU
		{60FD6721-BAA8-454E-98E7-19C541851639}.Release|Any CPU.ActiveCfg = Release|Any CPU
		{60FD6721-BAA8-454E-98E7-19C541851639}.Release|Any CPU.Build.0 = Release|Any CPU
	EndGlobalSection
	GlobalSection(SolutionProperties) = preSolution
		HideSolutionNode = FALSE
	EndGlobalSection
	GlobalSection(ExtensibilityGlobals) = postSolution
		SolutionGuid = {20D98A3E-6649-46E0-A6CB-AF57F18BFBC1}
	EndGlobalSection
EndGlobal
